<?xml version="1.0" encoding="utf-8"?>
<Project ToolsVersion="4.0" xmlns="http://schemas.microsoft.com/developer/msbuild/2003">
  <ItemGroup>
    <Filter Include="Source Files">
      <UniqueIdentifier>{4FC737F1-C7A5-4376-A066-2A32D752A2FF}</UniqueIdentifier>
      <Extensions>cpp;c;cc;cxx;c++;cppm;ixx;def;odl;idl;hpj;bat;asm;asmx</Extensions>
    </Filter>
    <Filter Include="Engine">
      <UniqueIdentifier>{6a18c40d-d6fb-434e-baf9-8c25947028d2}</UniqueIdentifier>
    </Filter>
    <Filter Include="Renderer">
      <UniqueIdentifier>{18795823-c652-450e-9b5a-9b896aaaba7e}</UniqueIdentifier>
    </Filter>
    <Filter Include="World">
      <UniqueIdentifier>{044754c1-7d41-4285-9660-422a4ef94353}</UniqueIdentifier>
    </Filter>
    <Filter Include="Game">
      <UniqueIdentifier>{b7113a22-3647-4685-9e43-fbcd9c51e63a}</UniqueIdentifier>
    </Filter>
    <Filter Include="Game\Entities">
      <UniqueIdentifier>{ef4296e1-f361-43ec-9590-87e3433a9b89}</UniqueIdentifier>
    </Filter>
    <Filter Include="World\Chunk">
      <UniqueIdentifier>{4f34b14e-577b-4541-8783-4bb7b1173881}</UniqueIdentifier>
    </Filter>
  </ItemGroup>
  <ItemGroup>
    <ClCompile Include="main.cpp">
      <Filter>Source Files</Filter>
    </ClCompile>
    <ClCompile Include="Engine\VoxelRenderer.cpp">
      <Filter>Engine</Filter>
    </ClCompile>
    <ClCompile Include="Renderer\Renderer.cpp">
      <Filter>Renderer</Filter>
    </ClCompile>
    <ClCompile Include="Game\Entities\Player.cpp">
      <Filter>Game\Entities</Filter>
    </ClCompile>
    <ClCompile Include="World\TerrainGenerator.cpp">
      <Filter>World</Filter>
    </ClCompile>
  </ItemGroup>
  <ItemGroup>
    <ClInclude Include="Engine\VoxelRenderer.h">
      <Filter>Engine</Filter>
    </ClInclude>
    <ClInclude Include="Engine\DirectionsXZ.h">
      <Filter>Engine</Filter>
    </ClInclude>
    <ClInclude Include="Renderer\Renderer.h">
      <Filter>Renderer</Filter>
    </ClInclude>
    <ClInclude Include="Renderer\Vector.h">
      <Filter>Renderer</Filter>
    </ClInclude>
    <ClInclude Include="Renderer\Vertex.h">
      <Filter>Renderer</Filter>
    </ClInclude>
    <ClInclude Include="Renderer\Quad.h">
      <Filter>Renderer</Filter>
    </ClInclude>
    <ClInclude Include="World\Camera.h">
      <Filter>World</Filter>
    </ClInclude>
    <ClInclude Include="Game\Entities\Player.h">
      <Filter>Game\Entities</Filter>
    </ClInclude>
    <ClInclude Include="World\Noise.h">
      <Filter>World</Filter>
    </ClInclude>
    <ClInclude Include="World\Chunk\Chunk.h">
      <Filter>World\Chunk</Filter>
    </ClInclude>
    <ClInclude Include="World\Chunk\Block.h">
      <Filter>World\Chunk</Filter>
    </ClInclude>
    <ClInclude Include="World\TerrainGenerator.h">
      <Filter>World</Filter>
    </ClInclude>
  </ItemGroup>
</Project>